
Microsoft Visual Studio Solution File, Format Version 12.00
# Visual Studio Version 17
VisualStudioVersion = 17.9.34723.18
MinimumVisualStudioVersion = 10.0.40219.1
Project("{FAE04EC0-301F-11D3-BF4B-00C04F79EFBC}") = "RiskAware.Server", "RiskAware.Server\RiskAware.Server.csproj", "{7A4F8826-FFCF-45CB-95C5-6525009FE6F6}"
EndProject
Project("{54A90642-561A-4BB1-A94E-469ADEE60C69}") = "riskaware.client", "riskaware.client\riskaware.client.esproj", "{86E3CF4E-D0CB-4273-8CC2-E8E58FD04C5D}"
EndProject
Project("{2150E333-8FDC-42A3-9474-1A3956D46DE8}") = "Solution Items", "Solution Items", "{AAC21DBB-8904-4B59-9513-101D68188944}"
	ProjectSection(SolutionItems) = preProject
		.editorconfig = .editorconfig
	EndProjectSection
EndProject
Project("{2150E333-8FDC-42A3-9474-1A3956D46DE8}") = "Tests", "Tests", "{3506EF36-9286-4680-A518-FAF4608072BE}"
EndProject
Project("{FAE04EC0-301F-11D3-BF4B-00C04F79EFBC}") = "RiskAware.Server.Tests", "RiskAware.Server.Tests\RiskAware.Server.Tests.csproj", "{C2F2CC4B-5B4A-4305-AC0D-D3F8B815D6D9}"
EndProject
Project("{FAE04EC0-301F-11D3-BF4B-00C04F79EFBC}") = "RiskAware.Client.Tests", "RiskAware.Client.Tests\RiskAware.Client.Tests.csproj", "{DA996702-E30B-4AC1-BDE8-E486F7B5626D}"
EndProject
Global
	GlobalSection(SolutionConfigurationPlatforms) = preSolution
		Debug|Any CPU = Debug|Any CPU
		Release|Any CPU = Release|Any CPU
	EndGlobalSection
	GlobalSection(ProjectConfigurationPlatforms) = postSolution
		{7A4F8826-FFCF-45CB-95C5-6525009FE6F6}.Debug|Any CPU.ActiveCfg = Debug|Any CPU
		{7A4F8826-FFCF-45CB-95C5-6525009FE6F6}.Debug|Any CPU.Build.0 = Debug|Any CPU
		{7A4F8826-FFCF-45CB-95C5-6525009FE6F6}.Release|Any CPU.ActiveCfg = Release|Any CPU
		{7A4F8826-FFCF-45CB-95C5-6525009FE6F6}.Release|Any CPU.Build.0 = Release|Any CPU
		{86E3CF4E-D0CB-4273-8CC2-E8E58FD04C5D}.Debug|Any CPU.ActiveCfg = Debug|Any CPU
		{86E3CF4E-D0CB-4273-8CC2-E8E58FD04C5D}.Debug|Any CPU.Build.0 = Debug|Any CPU
		{86E3CF4E-D0CB-4273-8CC2-E8E58FD04C5D}.Debug|Any CPU.Deploy.0 = Debug|Any CPU
		{86E3CF4E-D0CB-4273-8CC2-E8E58FD04C5D}.Release|Any CPU.ActiveCfg = Release|Any CPU
		{86E3CF4E-D0CB-4273-8CC2-E8E58FD04C5D}.Release|Any CPU.Build.0 = Release|Any CPU
		{86E3CF4E-D0CB-4273-8CC2-E8E58FD04C5D}.Release|Any CPU.Deploy.0 = Release|Any CPU
		{C2F2CC4B-5B4A-4305-AC0D-D3F8B815D6D9}.Debug|Any CPU.ActiveCfg = Debug|Any CPU
		{C2F2CC4B-5B4A-4305-AC0D-D3F8B815D6D9}.Debug|Any CPU.Build.0 = Debug|Any CPU
		{C2F2CC4B-5B4A-4305-AC0D-D3F8B815D6D9}.Release|Any CPU.ActiveCfg = Release|Any CPU
		{C2F2CC4B-5B4A-4305-AC0D-D3F8B815D6D9}.Release|Any CPU.Build.0 = Release|Any CPU
		{DA996702-E30B-4AC1-BDE8-E486F7B5626D}.Debug|Any CPU.ActiveCfg = Debug|Any CPU
		{DA996702-E30B-4AC1-BDE8-E486F7B5626D}.Debug|Any CPU.Build.0 = Debug|Any CPU
		{DA996702-E30B-4AC1-BDE8-E486F7B5626D}.Release|Any CPU.ActiveCfg = Release|Any CPU
		{DA996702-E30B-4AC1-BDE8-E486F7B5626D}.Release|Any CPU.Build.0 = Release|Any CPU
	EndGlobalSection
	GlobalSection(SolutionProperties) = preSolution
		HideSolutionNode = FALSE
	EndGlobalSection
	GlobalSection(ExtensibilityGlobals) = postSolution
		SolutionGuid = {F522E4AF-C009-429E-8EBF-69E4EB69BE9B}
	EndGlobalSection
	GlobalSection(NestedProjects) = preSolution
		{C2F2CC4B-5B4A-4305-AC0D-D3F8B815D6D9} = {3506EF36-9286-4680-A518-FAF4608072BE}
		{DA996702-E30B-4AC1-BDE8-E486F7B5626D} = {3506EF36-9286-4680-A518-FAF4608072BE}
	EndGlobalSection
EndGlobal
