
Microsoft Visual Studio Solution File, Format Version 12.00
# Visual Studio Version 17
VisualStudioVersion = 17.9.34723.18
MinimumVisualStudioVersion = 10.0.40219.1
Project("{FAE04EC0-301F-11D3-BF4B-00C04F79EFBC}") = "RiskAware.Server", "RiskAware.Server\RiskAware.Server.csproj", "{7A4F8826-FFCF-45CB-95C5-6525009FE6F6}"
EndProject
Project("{54A90642-561A-4BB1-A94E-469ADEE60C69}") = "riskaware.client", "riskaware.client\riskaware.client.esproj", "{8925C2BC-AE46-479E-A99B-7CBE575300A0}"
EndProject
Global
	GlobalSection(SolutionConfigurationPlatforms) = preSolution
		Debug|Any CPU = Debug|Any CPU
		Release|Any CPU = Release|Any CPU
	EndGlobalSection
	GlobalSection(ProjectConfigurationPlatforms) = postSolution
		{7A4F8826-FFCF-45CB-95C5-6525009FE6F6}.Debug|Any CPU.ActiveCfg = Debug|Any CPU
		{7A4F8826-FFCF-45CB-95C5-6525009FE6F6}.Debug|Any CPU.Build.0 = Debug|Any CPU
		{7A4F8826-FFCF-45CB-95C5-6525009FE6F6}.Release|Any CPU.ActiveCfg = Release|Any CPU
		{7A4F8826-FFCF-45CB-95C5-6525009FE6F6}.Release|Any CPU.Build.0 = Release|Any CPU
		{8925C2BC-AE46-479E-A99B-7CBE575300A0}.Debug|Any CPU.ActiveCfg = Debug|Any CPU
		{8925C2BC-AE46-479E-A99B-7CBE575300A0}.Debug|Any CPU.Build.0 = Debug|Any CPU
		{8925C2BC-AE46-479E-A99B-7CBE575300A0}.Release|Any CPU.ActiveCfg = Debug|Any CPU
		{8925C2BC-AE46-479E-A99B-7CBE575300A0}.Release|Any CPU.Build.0 = Debug|Any CPU
	EndGlobalSection
	GlobalSection(SolutionProperties) = preSolution
		HideSolutionNode = FALSE
	EndGlobalSection
	GlobalSection(ExtensibilityGlobals) = postSolution
		SolutionGuid = {F522E4AF-C009-429E-8EBF-69E4EB69BE9B}
	EndGlobalSection
EndGlobal
